
Microsoft Visual Studio Solution File, Format Version 12.00
# Visual Studio Version 16
VisualStudioVersion = 16.0.30611.23
MinimumVisualStudioVersion = 10.0.40219.1
Project("{FAE04EC0-301F-11D3-BF4B-00C04F79EFBC}") = "RestaurantWebApp", "RestaurantWebApp\RestaurantWebApp.csproj", "{2F9A8966-3B38-4449-B8D1-93A02705F384}"
EndProject
Project("{FAE04EC0-301F-11D3-BF4B-00C04F79EFBC}") = "RestaurantWebApp.Tests", "RestaurantWebApp.Tests\RestaurantWebApp.Tests.csproj", "{9F48B414-90EA-40B3-A4F7-AC19E35055A5}"
EndProject
Global
	GlobalSection(SolutionConfigurationPlatforms) = preSolution
		Debug|Any CPU = Debug|Any CPU
		Release|Any CPU = Release|Any CPU
	EndGlobalSection
	GlobalSection(ProjectConfigurationPlatforms) = postSolution
		{2F9A8966-3B38-4449-B8D1-93A02705F384}.Debug|Any CPU.ActiveCfg = Debug|Any CPU
		{2F9A8966-3B38-4449-B8D1-93A02705F384}.Debug|Any CPU.Build.0 = Debug|Any CPU
		{2F9A8966-3B38-4449-B8D1-93A02705F384}.Release|Any CPU.ActiveCfg = Release|Any CPU
		{2F9A8966-3B38-4449-B8D1-93A02705F384}.Release|Any CPU.Build.0 = Release|Any CPU
		{9F48B414-90EA-40B3-A4F7-AC19E35055A5}.Debug|Any CPU.ActiveCfg = Debug|Any CPU
		{9F48B414-90EA-40B3-A4F7-AC19E35055A5}.Debug|Any CPU.Build.0 = Debug|Any CPU
		{9F48B414-90EA-40B3-A4F7-AC19E35055A5}.Release|Any CPU.ActiveCfg = Release|Any CPU
		{9F48B414-90EA-40B3-A4F7-AC19E35055A5}.Release|Any CPU.Build.0 = Release|Any CPU
	EndGlobalSection
	GlobalSection(SolutionProperties) = preSolution
		HideSolutionNode = FALSE
	EndGlobalSection
	GlobalSection(ExtensibilityGlobals) = postSolution
		SolutionGuid = {7CFC1F02-9749-4334-A66F-78595AF2236F}
	EndGlobalSection
EndGlobal
