
Microsoft Visual Studio Solution File, Format Version 12.00
# Visual Studio Version 16
VisualStudioVersion = 16.0.30709.132
MinimumVisualStudioVersion = 10.0.40219.1
Project("{9A19103F-16F7-4668-BE54-9A1E7A4F7556}") = "RestaurantAPI", "RestaurantAPI\RestaurantAPI.csproj", "{286BA03D-9E38-40C4-A002-34D7B6FDC721}"
EndProject
Project("{9A19103F-16F7-4668-BE54-9A1E7A4F7556}") = "DataAccess", "DataAccess\DataAccess.csproj", "{7CB200E4-4B1E-43FA-B7EC-2D5E467713B7}"
EndProject
Project("{9A19103F-16F7-4668-BE54-9A1E7A4F7556}") = "RestaurantUpdater", "RestaurantUpdater\RestaurantUpdater.csproj", "{0C7A9DB2-CD27-4BD4-9205-C7274EA913FA}"
EndProject
Project("{9A19103F-16F7-4668-BE54-9A1E7A4F7556}") = "Tests.DataAccess", "Tests.DataAccess\Tests.DataAccess.csproj", "{DF06CF02-5882-4694-956A-7CCBB909F22F}"
EndProject
Global
	GlobalSection(SolutionConfigurationPlatforms) = preSolution
		Debug|Any CPU = Debug|Any CPU
		Release|Any CPU = Release|Any CPU
	EndGlobalSection
	GlobalSection(ProjectConfigurationPlatforms) = postSolution
		{286BA03D-9E38-40C4-A002-34D7B6FDC721}.Debug|Any CPU.ActiveCfg = Debug|Any CPU
		{286BA03D-9E38-40C4-A002-34D7B6FDC721}.Debug|Any CPU.Build.0 = Debug|Any CPU
		{286BA03D-9E38-40C4-A002-34D7B6FDC721}.Release|Any CPU.ActiveCfg = Release|Any CPU
		{286BA03D-9E38-40C4-A002-34D7B6FDC721}.Release|Any CPU.Build.0 = Release|Any CPU
		{7CB200E4-4B1E-43FA-B7EC-2D5E467713B7}.Debug|Any CPU.ActiveCfg = Debug|Any CPU
		{7CB200E4-4B1E-43FA-B7EC-2D5E467713B7}.Debug|Any CPU.Build.0 = Debug|Any CPU
		{7CB200E4-4B1E-43FA-B7EC-2D5E467713B7}.Release|Any CPU.ActiveCfg = Release|Any CPU
		{7CB200E4-4B1E-43FA-B7EC-2D5E467713B7}.Release|Any CPU.Build.0 = Release|Any CPU
		{0C7A9DB2-CD27-4BD4-9205-C7274EA913FA}.Debug|Any CPU.ActiveCfg = Debug|Any CPU
		{0C7A9DB2-CD27-4BD4-9205-C7274EA913FA}.Debug|Any CPU.Build.0 = Debug|Any CPU
		{0C7A9DB2-CD27-4BD4-9205-C7274EA913FA}.Release|Any CPU.ActiveCfg = Release|Any CPU
		{0C7A9DB2-CD27-4BD4-9205-C7274EA913FA}.Release|Any CPU.Build.0 = Release|Any CPU
		{DF06CF02-5882-4694-956A-7CCBB909F22F}.Debug|Any CPU.ActiveCfg = Debug|Any CPU
		{DF06CF02-5882-4694-956A-7CCBB909F22F}.Debug|Any CPU.Build.0 = Debug|Any CPU
		{DF06CF02-5882-4694-956A-7CCBB909F22F}.Release|Any CPU.ActiveCfg = Release|Any CPU
		{DF06CF02-5882-4694-956A-7CCBB909F22F}.Release|Any CPU.Build.0 = Release|Any CPU
	EndGlobalSection
	GlobalSection(SolutionProperties) = preSolution
		HideSolutionNode = FALSE
	EndGlobalSection
	GlobalSection(ExtensibilityGlobals) = postSolution
		SolutionGuid = {B9401A36-CE2F-4480-870D-12EFDA934EB8}
	EndGlobalSection
EndGlobal
